{
  "name": "golib-wzadmin",
  "version": "1.3.2",
  "lockfileVersion": 3,
  "requires": true,
  "packages": {
    "": {
      "name": "golib-wzadmin",
      "license": "ISC",
      "dependencies": {
        "wxmp-rsa": "^2.1.0"
      }
    },
    "node_modules/wxmp-rsa": {
      "version": "2.1.0",
      "resolved": "https://registry.npmmirror.com/wxmp-rsa/-/wxmp-rsa-2.1.0.tgz",
      "integrity": "sha512-VbWMJ+vf8t7G93sjkqjCn5yGy/Si3M8uD6OFebqjJWJ1R0WCyle7X6SNia7WWG6Qe1F2/OWxhbcSGA6ebUBwIA=="
    }
  }
}
